
Microsoft Visual Studio Solution File, Format Version 12.00
# Visual Studio 15
VisualStudioVersion = 15.0.28010.2016
MinimumVisualStudioVersion = 10.0.40219.1
Project("{FAE04EC0-301F-11D3-BF4B-00C04F79EFBC}") = "ReverseLinkedList", "ReverseLinkedList\ReverseLinkedList.csproj", "{2A2C7675-855F-4D64-9D2D-6C52A9063A3E}"
EndProject
Global
	GlobalSection(SolutionConfigurationPlatforms) = preSolution
		Debug|Any CPU = Debug|Any CPU
		Release|Any CPU = Release|Any CPU
	EndGlobalSection
	GlobalSection(ProjectConfigurationPlatforms) = postSolution
		{2A2C7675-855F-4D64-9D2D-6C52A9063A3E}.Debug|Any CPU.ActiveCfg = Debug|Any CPU
		{2A2C7675-855F-4D64-9D2D-6C52A9063A3E}.Debug|Any CPU.Build.0 = Debug|Any CPU
		{2A2C7675-855F-4D64-9D2D-6C52A9063A3E}.Release|Any CPU.ActiveCfg = Release|Any CPU
		{2A2C7675-855F-4D64-9D2D-6C52A9063A3E}.Release|Any CPU.Build.0 = Release|Any CPU
	EndGlobalSection
	GlobalSection(SolutionProperties) = preSolution
		HideSolutionNode = FALSE
	EndGlobalSection
	GlobalSection(ExtensibilityGlobals) = postSolution
		SolutionGuid = {BCD3F811-628B-433D-BA38-A7CF40030A5F}
	EndGlobalSection
EndGlobal
