
Microsoft Visual Studio Solution File, Format Version 12.00
# Visual Studio 15
VisualStudioVersion = 15.0.28010.2016
MinimumVisualStudioVersion = 10.0.40219.1
Project("{FAE04EC0-301F-11D3-BF4B-00C04F79EFBC}") = "Quicksort", "Quicksort\Quicksort.csproj", "{4591B088-A005-4960-BB35-1D42DFCD5D91}"
EndProject
Global
	GlobalSection(SolutionConfigurationPlatforms) = preSolution
		Debug|Any CPU = Debug|Any CPU
		Release|Any CPU = Release|Any CPU
	EndGlobalSection
	GlobalSection(ProjectConfigurationPlatforms) = postSolution
		{4591B088-A005-4960-BB35-1D42DFCD5D91}.Debug|Any CPU.ActiveCfg = Debug|Any CPU
		{4591B088-A005-4960-BB35-1D42DFCD5D91}.Debug|Any CPU.Build.0 = Debug|Any CPU
		{4591B088-A005-4960-BB35-1D42DFCD5D91}.Release|Any CPU.ActiveCfg = Release|Any CPU
		{4591B088-A005-4960-BB35-1D42DFCD5D91}.Release|Any CPU.Build.0 = Release|Any CPU
	EndGlobalSection
	GlobalSection(SolutionProperties) = preSolution
		HideSolutionNode = FALSE
	EndGlobalSection
	GlobalSection(ExtensibilityGlobals) = postSolution
		SolutionGuid = {ED21B20B-2C9A-4D9A-A5C9-16D8FACE0291}
	EndGlobalSection
EndGlobal
