
Microsoft Visual Studio Solution File, Format Version 12.00
# Visual Studio 15
VisualStudioVersion = 15.0.28010.2016
MinimumVisualStudioVersion = 10.0.40219.1
Project("{FAE04EC0-301F-11D3-BF4B-00C04F79EFBC}") = "PrintLevelOrderTree", "PrintLevelOrderTree\PrintLevelOrderTree.csproj", "{AD5698CC-50E4-4B77-8A7A-F145E2292C89}"
EndProject
Global
	GlobalSection(SolutionConfigurationPlatforms) = preSolution
		Debug|Any CPU = Debug|Any CPU
		Release|Any CPU = Release|Any CPU
	EndGlobalSection
	GlobalSection(ProjectConfigurationPlatforms) = postSolution
		{AD5698CC-50E4-4B77-8A7A-F145E2292C89}.Debug|Any CPU.ActiveCfg = Debug|Any CPU
		{AD5698CC-50E4-4B77-8A7A-F145E2292C89}.Debug|Any CPU.Build.0 = Debug|Any CPU
		{AD5698CC-50E4-4B77-8A7A-F145E2292C89}.Release|Any CPU.ActiveCfg = Release|Any CPU
		{AD5698CC-50E4-4B77-8A7A-F145E2292C89}.Release|Any CPU.Build.0 = Release|Any CPU
	EndGlobalSection
	GlobalSection(SolutionProperties) = preSolution
		HideSolutionNode = FALSE
	EndGlobalSection
	GlobalSection(ExtensibilityGlobals) = postSolution
		SolutionGuid = {CB47DA40-D991-4448-9CBB-729979704968}
	EndGlobalSection
EndGlobal
