
Microsoft Visual Studio Solution File, Format Version 12.00
# Visual Studio 15
VisualStudioVersion = 15.0.28010.2016
MinimumVisualStudioVersion = 10.0.40219.1
Project("{FAE04EC0-301F-11D3-BF4B-00C04F79EFBC}") = "AssignNewServer", "AssignNewServer\AssignNewServer.csproj", "{BBD8E264-AFD0-4778-B18D-F62A27D833DA}"
EndProject
Global
	GlobalSection(SolutionConfigurationPlatforms) = preSolution
		Debug|Any CPU = Debug|Any CPU
		Release|Any CPU = Release|Any CPU
	EndGlobalSection
	GlobalSection(ProjectConfigurationPlatforms) = postSolution
		{BBD8E264-AFD0-4778-B18D-F62A27D833DA}.Debug|Any CPU.ActiveCfg = Debug|Any CPU
		{BBD8E264-AFD0-4778-B18D-F62A27D833DA}.Debug|Any CPU.Build.0 = Debug|Any CPU
		{BBD8E264-AFD0-4778-B18D-F62A27D833DA}.Release|Any CPU.ActiveCfg = Release|Any CPU
		{BBD8E264-AFD0-4778-B18D-F62A27D833DA}.Release|Any CPU.Build.0 = Release|Any CPU
	EndGlobalSection
	GlobalSection(SolutionProperties) = preSolution
		HideSolutionNode = FALSE
	EndGlobalSection
	GlobalSection(ExtensibilityGlobals) = postSolution
		SolutionGuid = {CF994151-22C2-48CB-8BD3-69C4905B2C2C}
	EndGlobalSection
EndGlobal
