
Microsoft Visual Studio Solution File, Format Version 12.00
# Visual Studio 15
VisualStudioVersion = 15.0.28010.2016
MinimumVisualStudioVersion = 10.0.40219.1
Project("{FAE04EC0-301F-11D3-BF4B-00C04F79EFBC}") = "LongestContiguousSubSequence", "LongestContiguousSubSequence\LongestContiguousSubSequence.csproj", "{9679B219-AE6B-4B32-ABCC-0CA8FB3491B1}"
EndProject
Global
	GlobalSection(SolutionConfigurationPlatforms) = preSolution
		Debug|Any CPU = Debug|Any CPU
		Release|Any CPU = Release|Any CPU
	EndGlobalSection
	GlobalSection(ProjectConfigurationPlatforms) = postSolution
		{9679B219-AE6B-4B32-ABCC-0CA8FB3491B1}.Debug|Any CPU.ActiveCfg = Debug|Any CPU
		{9679B219-AE6B-4B32-ABCC-0CA8FB3491B1}.Debug|Any CPU.Build.0 = Debug|Any CPU
		{9679B219-AE6B-4B32-ABCC-0CA8FB3491B1}.Release|Any CPU.ActiveCfg = Release|Any CPU
		{9679B219-AE6B-4B32-ABCC-0CA8FB3491B1}.Release|Any CPU.Build.0 = Release|Any CPU
	EndGlobalSection
	GlobalSection(SolutionProperties) = preSolution
		HideSolutionNode = FALSE
	EndGlobalSection
	GlobalSection(ExtensibilityGlobals) = postSolution
		SolutionGuid = {7E86E0BC-E615-4106-A303-282826B5CD54}
	EndGlobalSection
EndGlobal
