
Microsoft Visual Studio Solution File, Format Version 12.00
# Visual Studio 15
VisualStudioVersion = 15.0.28010.2016
MinimumVisualStudioVersion = 10.0.40219.1
Project("{FAE04EC0-301F-11D3-BF4B-00C04F79EFBC}") = "FizzBuzzVariation", "FizzBuzzVariation\FizzBuzzVariation.csproj", "{DE079F99-7A4C-437F-B0A7-24FE902C6AB0}"
EndProject
Global
	GlobalSection(SolutionConfigurationPlatforms) = preSolution
		Debug|Any CPU = Debug|Any CPU
		Release|Any CPU = Release|Any CPU
	EndGlobalSection
	GlobalSection(ProjectConfigurationPlatforms) = postSolution
		{DE079F99-7A4C-437F-B0A7-24FE902C6AB0}.Debug|Any CPU.ActiveCfg = Debug|Any CPU
		{DE079F99-7A4C-437F-B0A7-24FE902C6AB0}.Debug|Any CPU.Build.0 = Debug|Any CPU
		{DE079F99-7A4C-437F-B0A7-24FE902C6AB0}.Release|Any CPU.ActiveCfg = Release|Any CPU
		{DE079F99-7A4C-437F-B0A7-24FE902C6AB0}.Release|Any CPU.Build.0 = Release|Any CPU
	EndGlobalSection
	GlobalSection(SolutionProperties) = preSolution
		HideSolutionNode = FALSE
	EndGlobalSection
	GlobalSection(ExtensibilityGlobals) = postSolution
		SolutionGuid = {3DAB2FA1-2AB1-4BF2-92FA-53DA84578664}
	EndGlobalSection
EndGlobal
